
Microsoft Visual Studio Solution File, Format Version 12.00
# Visual Studio 15
VisualStudioVersion = 15.0.28307.421
MinimumVisualStudioVersion = 10.0.40219.1
Project("{8BC9CEB8-8B4A-11D0-8D11-00A0C91BC942}") = "Tut1", "Tut1\Tut1.vcxproj", "{6F5B89EB-7A66-4DB8-8BB7-7BA45DFD3D69}"
EndProject
Global
	GlobalSection(SolutionConfigurationPlatforms) = preSolution
		Debug|x64 = Debug|x64
		Debug|x86 = Debug|x86
		Release|x64 = Release|x64
		Release|x86 = Release|x86
	EndGlobalSection
	GlobalSection(ProjectConfigurationPlatforms) = postSolution
		{6F5B89EB-7A66-4DB8-8BB7-7BA45DFD3D69}.Debug|x64.ActiveCfg = Debug|x64
		{6F5B89EB-7A66-4DB8-8BB7-7BA45DFD3D69}.Debug|x64.Build.0 = Debug|x64
		{6F5B89EB-7A66-4DB8-8BB7-7BA45DFD3D69}.Debug|x86.ActiveCfg = Debug|Win32
		{6F5B89EB-7A66-4DB8-8BB7-7BA45DFD3D69}.Debug|x86.Build.0 = Debug|Win32
		{6F5B89EB-7A66-4DB8-8BB7-7BA45DFD3D69}.Release|x64.ActiveCfg = Release|x64
		{6F5B89EB-7A66-4DB8-8BB7-7BA45DFD3D69}.Release|x64.Build.0 = Release|x64
		{6F5B89EB-7A66-4DB8-8BB7-7BA45DFD3D69}.Release|x86.ActiveCfg = Release|Win32
		{6F5B89EB-7A66-4DB8-8BB7-7BA45DFD3D69}.Release|x86.Build.0 = Release|Win32
	EndGlobalSection
	GlobalSection(SolutionProperties) = preSolution
		HideSolutionNode = FALSE
	EndGlobalSection
	GlobalSection(ExtensibilityGlobals) = postSolution
		SolutionGuid = {A3CBD390-233C-4551-873F-A09C0C7BBA9D}
	EndGlobalSection
EndGlobal
