
Microsoft Visual Studio Solution File, Format Version 12.00
# Visual Studio 15
VisualStudioVersion = 15.0.28307.421
MinimumVisualStudioVersion = 10.0.40219.1
Project("{8BC9CEB8-8B4A-11D0-8D11-00A0C91BC942}") = "FereastraSDL", "FereastraSDL\FereastraSDL.vcxproj", "{8DCDCAFB-0E5B-4997-B557-04383FFE6341}"
EndProject
Global
	GlobalSection(SolutionConfigurationPlatforms) = preSolution
		Debug|x64 = Debug|x64
		Debug|x86 = Debug|x86
		Release|x64 = Release|x64
		Release|x86 = Release|x86
	EndGlobalSection
	GlobalSection(ProjectConfigurationPlatforms) = postSolution
		{8DCDCAFB-0E5B-4997-B557-04383FFE6341}.Debug|x64.ActiveCfg = Debug|x64
		{8DCDCAFB-0E5B-4997-B557-04383FFE6341}.Debug|x64.Build.0 = Debug|x64
		{8DCDCAFB-0E5B-4997-B557-04383FFE6341}.Debug|x86.ActiveCfg = Debug|Win32
		{8DCDCAFB-0E5B-4997-B557-04383FFE6341}.Debug|x86.Build.0 = Debug|Win32
		{8DCDCAFB-0E5B-4997-B557-04383FFE6341}.Release|x64.ActiveCfg = Release|x64
		{8DCDCAFB-0E5B-4997-B557-04383FFE6341}.Release|x64.Build.0 = Release|x64
		{8DCDCAFB-0E5B-4997-B557-04383FFE6341}.Release|x86.ActiveCfg = Release|Win32
		{8DCDCAFB-0E5B-4997-B557-04383FFE6341}.Release|x86.Build.0 = Release|Win32
	EndGlobalSection
	GlobalSection(SolutionProperties) = preSolution
		HideSolutionNode = FALSE
	EndGlobalSection
	GlobalSection(ExtensibilityGlobals) = postSolution
		SolutionGuid = {8854AB48-8606-49CE-BD81-917015C52040}
	EndGlobalSection
EndGlobal
